{
  "requires": true,
  "lockfileVersion": 1,
  "dependencies": {
    "ssh-keygen": {
      "version": "0.4.1",
      "resolved": "https://registry.npmjs.org/ssh-keygen/-/ssh-keygen-0.4.1.tgz",
      "integrity": "sha1-yCsloYtEV+AUUyhFaMSszOAEqas=",
      "requires": {
        "underscore": "1.4.4"
      }
    },
    "underscore": {
      "version": "1.4.4",
      "resolved": "https://registry.npmjs.org/underscore/-/underscore-1.4.4.tgz",
      "integrity": "sha1-YaajIBBiKvoHljvzJSA88SI51gQ="
    }
  }
}
